
Microsoft Visual Studio Solution File, Format Version 12.00
# Visual Studio 15
VisualStudioVersion = 15.0.27610.1
MinimumVisualStudioVersion = 10.0.40219.1
Project("{FAE04EC0-301F-11D3-BF4B-00C04F79EFBC}") = "StreamJsonRpc.Sample.Client", "StreamJsonRpc.Sample.Client\StreamJsonRpc.Sample.Client.csproj", "{26BF246E-A3B0-4742-B97F-EAD1033E5145}"
EndProject
Project("{FAE04EC0-301F-11D3-BF4B-00C04F79EFBC}") = "StreamJsonRpc.Sample.Server", "StreamJsonRpc.Sample.Server\StreamJsonRpc.Sample.Server.csproj", "{BA923639-F1E6-49F2-9A29-0C10787BA2C8}"
EndProject
Global
	GlobalSection(SolutionConfigurationPlatforms) = preSolution
		Debug|Any CPU = Debug|Any CPU
		Release|Any CPU = Release|Any CPU
	EndGlobalSection
	GlobalSection(ProjectConfigurationPlatforms) = postSolution
		{26BF246E-A3B0-4742-B97F-EAD1033E5145}.Debug|Any CPU.ActiveCfg = Debug|Any CPU
		{26BF246E-A3B0-4742-B97F-EAD1033E5145}.Debug|Any CPU.Build.0 = Debug|Any CPU
		{26BF246E-A3B0-4742-B97F-EAD1033E5145}.Release|Any CPU.ActiveCfg = Release|Any CPU
		{26BF246E-A3B0-4742-B97F-EAD1033E5145}.Release|Any CPU.Build.0 = Release|Any CPU
		{BA923639-F1E6-49F2-9A29-0C10787BA2C8}.Debug|Any CPU.ActiveCfg = Debug|Any CPU
		{BA923639-F1E6-49F2-9A29-0C10787BA2C8}.Debug|Any CPU.Build.0 = Debug|Any CPU
		{BA923639-F1E6-49F2-9A29-0C10787BA2C8}.Release|Any CPU.ActiveCfg = Release|Any CPU
		{BA923639-F1E6-49F2-9A29-0C10787BA2C8}.Release|Any CPU.Build.0 = Release|Any CPU
	EndGlobalSection
	GlobalSection(SolutionProperties) = preSolution
		HideSolutionNode = FALSE
	EndGlobalSection
	GlobalSection(ExtensibilityGlobals) = postSolution
		SolutionGuid = {D362BF52-6BAF-410F-A6F8-44CD54B274F0}
	EndGlobalSection
EndGlobal
